
Microsoft Visual Studio Solution File, Format Version 12.00
# Visual Studio Version 17
VisualStudioVersion = 17.8.34511.84
MinimumVisualStudioVersion = 10.0.40219.1
Project("{FAE04EC0-301F-11D3-BF4B-00C04F79EFBC}") = "CustomServer", "CustomServer\CustomServer.csproj", "{B34D29BC-581C-43E1-90FB-0E1EC3B192FF}"
EndProject
Global
	GlobalSection(SolutionConfigurationPlatforms) = preSolution
		Debug|Any CPU = Debug|Any CPU
		Release|Any CPU = Release|Any CPU
	EndGlobalSection
	GlobalSection(ProjectConfigurationPlatforms) = postSolution
		{B34D29BC-581C-43E1-90FB-0E1EC3B192FF}.Debug|Any CPU.ActiveCfg = Debug|Any CPU
		{B34D29BC-581C-43E1-90FB-0E1EC3B192FF}.Debug|Any CPU.Build.0 = Debug|Any CPU
		{B34D29BC-581C-43E1-90FB-0E1EC3B192FF}.Release|Any CPU.ActiveCfg = Release|Any CPU
		{B34D29BC-581C-43E1-90FB-0E1EC3B192FF}.Release|Any CPU.Build.0 = Release|Any CPU
	EndGlobalSection
	GlobalSection(SolutionProperties) = preSolution
		HideSolutionNode = FALSE
	EndGlobalSection
	GlobalSection(ExtensibilityGlobals) = postSolution
		SolutionGuid = {D6F89469-936A-4A3B-9E0C-E23DE1D89D2E}
	EndGlobalSection
EndGlobal
